// !$*UTF8*$!
{
	archiveVersion = 1;
	classes = {
	};
	objectVersion = 56;
	objects = {

/* Begin PBXBuildFile section */
		9559E69F2C8E038D00AE9C9B /* WikipediaService.swift in Sources */ = {isa = PBXBuildFile; fileRef = 9559E69E2C8E038D00AE9C9B /* WikipediaService.swift */; };
		9559E6A12C8E167700AE9C9B /* AddPlaceView.swift in Sources */ = {isa = PBXBuildFile; fileRef = 9559E6A02C8E167700AE9C9B /* AddPlaceView.swift */; };
		9570024A2C89EAC50067E000 /* PlacesApp.swift in Sources */ = {isa = PBXBuildFile; fileRef = 957002492C89EAC50067E000 /* PlacesApp.swift */; };
		9570024C2C89EAC50067E000 /* ContentView.swift in Sources */ = {isa = PBXBuildFile; fileRef = 9570024B2C89EAC50067E000 /* ContentView.swift */; };
		957002762C89ED840067E000 /* LocationModel.swift in Sources */ = {isa = PBXBuildFile; fileRef = 957002752C89ED840067E000 /* LocationModel.swift */; };
		957002782C89FFAF0067E000 /* LocationViewModel.swift in Sources */ = {isa = PBXBuildFile; fileRef = 957002772C89FFAF0067E000 /* LocationViewModel.swift */; };
		9570027A2C8A014B0067E000 /* ErrorWrapper.swift in Sources */ = {isa = PBXBuildFile; fileRef = 957002792C8A014B0067E000 /* ErrorWrapper.swift */; };
		957002822C8A08310067E000 /* Assets.xcassets in Resources */ = {isa = PBXBuildFile; fileRef = 957002812C8A08310067E000 /* Assets.xcassets */; };
		957002842C8A1EE90067E000 /* LocationViewModelTests.swift in Sources */ = {isa = PBXBuildFile; fileRef = 957002832C8A1EE90067E000 /* LocationViewModelTests.swift */; };
		957002862C8A20690067E000 /* MockLocationService.swift in Sources */ = {isa = PBXBuildFile; fileRef = 957002852C8A20690067E000 /* MockLocationService.swift */; };
		957002882C8A20D10067E000 /* LocationService.swift in Sources */ = {isa = PBXBuildFile; fileRef = 957002872C8A20D10067E000 /* LocationService.swift */; };
		9570028F2C8A2CDF0067E000 /* NetworkError.swift in Sources */ = {isa = PBXBuildFile; fileRef = 9570028E2C8A2CDF0067E000 /* NetworkError.swift */; };
		957002912C8A2F5B0067E000 /* LocationsModel.swift in Sources */ = {isa = PBXBuildFile; fileRef = 957002902C8A2F5B0067E000 /* LocationsModel.swift */; };
		957002932C8A320F0067E000 /* LocationModelTests.swift in Sources */ = {isa = PBXBuildFile; fileRef = 957002922C8A320F0067E000 /* LocationModelTests.swift */; };
/* End PBXBuildFile section */

/* Begin PBXContainerItemProxy section */
		957002592C89EAC60067E000 /* PBXContainerItemProxy */ = {
			isa = PBXContainerItemProxy;
			containerPortal = 9570023E2C89EAC50067E000 /* Project object */;
			proxyType = 1;
			remoteGlobalIDString = 957002452C89EAC50067E000;
			remoteInfo = Places;
		};
/* End PBXContainerItemProxy section */

/* Begin PBXFileReference section */
		9559E69E2C8E038D00AE9C9B /* WikipediaService.swift */ = {isa = PBXFileReference; lastKnownFileType = sourcecode.swift; path = WikipediaService.swift; sourceTree = "<group>"; };
		9559E6A02C8E167700AE9C9B /* AddPlaceView.swift */ = {isa = PBXFileReference; lastKnownFileType = sourcecode.swift; path = AddPlaceView.swift; sourceTree = "<group>"; };
		9559E6DA2C8E306900AE9C9B /* README.md */ = {isa = PBXFileReference; lastKnownFileType = net.daringfireball.markdown; path = README.md; sourceTree = "<group>"; };
		957002462C89EAC50067E000 /* Places.app */ = {isa = PBXFileReference; explicitFileType = wrapper.application; includeInIndex = 0; path = Places.app; sourceTree = BUILT_PRODUCTS_DIR; };
		957002492C89EAC50067E000 /* PlacesApp.swift */ = {isa = PBXFileReference; lastKnownFileType = sourcecode.swift; path = PlacesApp.swift; sourceTree = "<group>"; };
		9570024B2C89EAC50067E000 /* ContentView.swift */ = {isa = PBXFileReference; lastKnownFileType = sourcecode.swift; path = ContentView.swift; sourceTree = "<group>"; };
		957002582C89EAC60067E000 /* PlacesTests.xctest */ = {isa = PBXFileReference; explicitFileType = wrapper.cfbundle; includeInIndex = 0; path = PlacesTests.xctest; sourceTree = BUILT_PRODUCTS_DIR; };
		957002752C89ED840067E000 /* LocationModel.swift */ = {isa = PBXFileReference; lastKnownFileType = sourcecode.swift; path = LocationModel.swift; sourceTree = "<group>"; };
		957002772C89FFAF0067E000 /* LocationViewModel.swift */ = {isa = PBXFileReference; lastKnownFileType = sourcecode.swift; path = LocationViewModel.swift; sourceTree = "<group>"; };
		957002792C8A014B0067E000 /* ErrorWrapper.swift */ = {isa = PBXFileReference; lastKnownFileType = sourcecode.swift; path = ErrorWrapper.swift; sourceTree = "<group>"; };
		957002812C8A08310067E000 /* Assets.xcassets */ = {isa = PBXFileReference; lastKnownFileType = folder.assetcatalog; path = Assets.xcassets; sourceTree = "<group>"; };
		957002832C8A1EE90067E000 /* LocationViewModelTests.swift */ = {isa = PBXFileReference; lastKnownFileType = sourcecode.swift; path = LocationViewModelTests.swift; sourceTree = "<group>"; };
		957002852C8A20690067E000 /* MockLocationService.swift */ = {isa = PBXFileReference; lastKnownFileType = sourcecode.swift; path = MockLocationService.swift; sourceTree = "<group>"; };
		957002872C8A20D10067E000 /* LocationService.swift */ = {isa = PBXFileReference; lastKnownFileType = sourcecode.swift; path = LocationService.swift; sourceTree = "<group>"; };
		9570028E2C8A2CDF0067E000 /* NetworkError.swift */ = {isa = PBXFileReference; lastKnownFileType = sourcecode.swift; path = NetworkError.swift; sourceTree = "<group>"; };
		957002902C8A2F5B0067E000 /* LocationsModel.swift */ = {isa = PBXFileReference; lastKnownFileType = sourcecode.swift; path = LocationsModel.swift; sourceTree = "<group>"; };
		957002922C8A320F0067E000 /* LocationModelTests.swift */ = {isa = PBXFileReference; lastKnownFileType = sourcecode.swift; path = LocationModelTests.swift; sourceTree = "<group>"; };
/* End PBXFileReference section */

/* Begin PBXFrameworksBuildPhase section */
		957002432C89EAC50067E000 /* Frameworks */ = {
			isa = PBXFrameworksBuildPhase;
			buildActionMask = 2147483647;
			files = (
			);
			runOnlyForDeploymentPostprocessing = 0;
		};
		957002552C89EAC60067E000 /* Frameworks */ = {
			isa = PBXFrameworksBuildPhase;
			buildActionMask = 2147483647;
			files = (
			);
			runOnlyForDeploymentPostprocessing = 0;
		};
/* End PBXFrameworksBuildPhase section */

/* Begin PBXGroup section */
		9570023D2C89EAC50067E000 = {
			isa = PBXGroup;
			children = (
				9559E6DA2C8E306900AE9C9B /* README.md */,
				957002482C89EAC50067E000 /* Places */,
				9570025B2C89EAC60067E000 /* PlacesTests */,
				957002472C89EAC50067E000 /* Products */,
			);
			sourceTree = "<group>";
		};
		957002472C89EAC50067E000 /* Products */ = {
			isa = PBXGroup;
			children = (
				957002462C89EAC50067E000 /* Places.app */,
				957002582C89EAC60067E000 /* PlacesTests.xctest */,
			);
			name = Products;
			sourceTree = "<group>";
		};
		957002482C89EAC50067E000 /* Places */ = {
			isa = PBXGroup;
			children = (
				957002492C89EAC50067E000 /* PlacesApp.swift */,
				9570027C2C8A06AB0067E000 /* Models */,
				9570027E2C8A06C70067E000 /* Views */,
				9570027D2C8A06B60067E000 /* View Models */,
				957002892C8A25750067E000 /* Services */,
				9570027B2C8A069E0067E000 /* Utils */,
				957002812C8A08310067E000 /* Assets.xcassets */,
				957002942C8A36B30067E000 /* Preview Content */,
			);
			path = Places;
			sourceTree = "<group>";
		};
		9570025B2C89EAC60067E000 /* PlacesTests */ = {
			isa = PBXGroup;
			children = (
				957002922C8A320F0067E000 /* LocationModelTests.swift */,
				957002832C8A1EE90067E000 /* LocationViewModelTests.swift */,
				9570028A2C8A28110067E000 /* Mocks */,
			);
			path = PlacesTests;
			sourceTree = "<group>";
		};
		9570027B2C8A069E0067E000 /* Utils */ = {
			isa = PBXGroup;
			children = (
				957002792C8A014B0067E000 /* ErrorWrapper.swift */,
				9570028E2C8A2CDF0067E000 /* NetworkError.swift */,
			);
			path = Utils;
			sourceTree = "<group>";
		};
		9570027C2C8A06AB0067E000 /* Models */ = {
			isa = PBXGroup;
			children = (
				957002752C89ED840067E000 /* LocationModel.swift */,
				957002902C8A2F5B0067E000 /* LocationsModel.swift */,
			);
			path = Models;
			sourceTree = "<group>";
		};
		9570027D2C8A06B60067E000 /* View Models */ = {
			isa = PBXGroup;
			children = (
				957002772C89FFAF0067E000 /* LocationViewModel.swift */,
			);
			path = "View Models";
			sourceTree = "<group>";
		};
		9570027E2C8A06C70067E000 /* Views */ = {
			isa = PBXGroup;
			children = (
				9570024B2C89EAC50067E000 /* ContentView.swift */,
				9559E6A02C8E167700AE9C9B /* AddPlaceView.swift */,
			);
			path = Views;
			sourceTree = "<group>";
		};
		957002892C8A25750067E000 /* Services */ = {
			isa = PBXGroup;
			children = (
				957002872C8A20D10067E000 /* LocationService.swift */,
				9559E69E2C8E038D00AE9C9B /* WikipediaService.swift */,
			);
			path = Services;
			sourceTree = "<group>";
		};
		9570028A2C8A28110067E000 /* Mocks */ = {
			isa = PBXGroup;
			children = (
				957002852C8A20690067E000 /* MockLocationService.swift */,
			);
			path = Mocks;
			sourceTree = "<group>";
		};
		957002942C8A36B30067E000 /* Preview Content */ = {
			isa = PBXGroup;
			children = (
			);
			path = "Preview Content";
			sourceTree = "<group>";
		};
/* End PBXGroup section */

/* Begin PBXNativeTarget section */
		957002452C89EAC50067E000 /* Places */ = {
			isa = PBXNativeTarget;
			buildConfigurationList = 9570026C2C89EAC60067E000 /* Build configuration list for PBXNativeTarget "Places" */;
			buildPhases = (
				957002422C89EAC50067E000 /* Sources */,
				957002432C89EAC50067E000 /* Frameworks */,
				957002442C89EAC50067E000 /* Resources */,
			);
			buildRules = (
			);
			dependencies = (
			);
			name = Places;
			productName = Places;
			productReference = 957002462C89EAC50067E000 /* Places.app */;
			productType = "com.apple.product-type.application";
		};
		957002572C89EAC60067E000 /* PlacesTests */ = {
			isa = PBXNativeTarget;
			buildConfigurationList = 9570026F2C89EAC60067E000 /* Build configuration list for PBXNativeTarget "PlacesTests" */;
			buildPhases = (
				957002542C89EAC60067E000 /* Sources */,
				957002552C89EAC60067E000 /* Frameworks */,
				957002562C89EAC60067E000 /* Resources */,
			);
			buildRules = (
			);
			dependencies = (
				9570025A2C89EAC60067E000 /* PBXTargetDependency */,
			);
			name = PlacesTests;
			productName = PlacesTests;
			productReference = 957002582C89EAC60067E000 /* PlacesTests.xctest */;
			productType = "com.apple.product-type.bundle.unit-test";
		};
/* End PBXNativeTarget section */

/* Begin PBXProject section */
		9570023E2C89EAC50067E000 /* Project object */ = {
			isa = PBXProject;
			attributes = {
				BuildIndependentTargetsInParallel = 1;
				LastSwiftUpdateCheck = 1540;
				LastUpgradeCheck = 1540;
				TargetAttributes = {
					957002452C89EAC50067E000 = {
						CreatedOnToolsVersion = 15.4;
					};
					957002572C89EAC60067E000 = {
						CreatedOnToolsVersion = 15.4;
						TestTargetID = 957002452C89EAC50067E000;
					};
				};
			};
			buildConfigurationList = 957002412C89EAC50067E000 /* Build configuration list for PBXProject "Places" */;
			compatibilityVersion = "Xcode 14.0";
			developmentRegion = en;
			hasScannedForEncodings = 0;
			knownRegions = (
				en,
				Base,
			);
			mainGroup = 9570023D2C89EAC50067E000;
			productRefGroup = 957002472C89EAC50067E000 /* Products */;
			projectDirPath = "";
			projectRoot = "";
			targets = (
				957002452C89EAC50067E000 /* Places */,
				957002572C89EAC60067E000 /* PlacesTests */,
			);
		};
/* End PBXProject section */

/* Begin PBXResourcesBuildPhase section */
		957002442C89EAC50067E000 /* Resources */ = {
			isa = PBXResourcesBuildPhase;
			buildActionMask = 2147483647;
			files = (
				957002822C8A08310067E000 /* Assets.xcassets in Resources */,
			);
			runOnlyForDeploymentPostprocessing = 0;
		};
		957002562C89EAC60067E000 /* Resources */ = {
			isa = PBXResourcesBuildPhase;
			buildActionMask = 2147483647;
			files = (
			);
			runOnlyForDeploymentPostprocessing = 0;
		};
/* End PBXResourcesBuildPhase section */

/* Begin PBXSourcesBuildPhase section */
		957002422C89EAC50067E000 /* Sources */ = {
			isa = PBXSourcesBuildPhase;
			buildActionMask = 2147483647;
			files = (
				957002862C8A20690067E000 /* MockLocationService.swift in Sources */,
				9570024C2C89EAC50067E000 /* ContentView.swift in Sources */,
				957002882C8A20D10067E000 /* LocationService.swift in Sources */,
				9570024A2C89EAC50067E000 /* PlacesApp.swift in Sources */,
				9559E6A12C8E167700AE9C9B /* AddPlaceView.swift in Sources */,
				957002912C8A2F5B0067E000 /* LocationsModel.swift in Sources */,
				957002762C89ED840067E000 /* LocationModel.swift in Sources */,
				9570028F2C8A2CDF0067E000 /* NetworkError.swift in Sources */,
				9559E69F2C8E038D00AE9C9B /* WikipediaService.swift in Sources */,
				9570027A2C8A014B0067E000 /* ErrorWrapper.swift in Sources */,
				957002782C89FFAF0067E000 /* LocationViewModel.swift in Sources */,
			);
			runOnlyForDeploymentPostprocessing = 0;
		};
		957002542C89EAC60067E000 /* Sources */ = {
			isa = PBXSourcesBuildPhase;
			buildActionMask = 2147483647;
			files = (
				957002932C8A320F0067E000 /* LocationModelTests.swift in Sources */,
				957002842C8A1EE90067E000 /* LocationViewModelTests.swift in Sources */,
			);
			runOnlyForDeploymentPostprocessing = 0;
		};
/* End PBXSourcesBuildPhase section */

/* Begin PBXTargetDependency section */
		9570025A2C89EAC60067E000 /* PBXTargetDependency */ = {
			isa = PBXTargetDependency;
			target = 957002452C89EAC50067E000 /* Places */;
			targetProxy = 957002592C89EAC60067E000 /* PBXContainerItemProxy */;
		};
/* End PBXTargetDependency section */

/* Begin XCBuildConfiguration section */
		9570026A2C89EAC60067E000 /* Debug */ = {
			isa = XCBuildConfiguration;
			buildSettings = {
				ALWAYS_SEARCH_USER_PATHS = NO;
				ASSETCATALOG_COMPILER_GENERATE_SWIFT_ASSET_SYMBOL_EXTENSIONS = YES;
				CLANG_ANALYZER_NONNULL = YES;
				CLANG_ANALYZER_NUMBER_OBJECT_CONVERSION = YES_AGGRESSIVE;
				CLANG_CXX_LANGUAGE_STANDARD = "gnu++20";
				CLANG_ENABLE_MODULES = YES;
				CLANG_ENABLE_OBJC_ARC = YES;
				CLANG_ENABLE_OBJC_WEAK = YES;
				CLANG_WARN_BLOCK_CAPTURE_AUTORELEASING = YES;
				CLANG_WARN_BOOL_CONVERSION = YES;
				CLANG_WARN_COMMA = YES;
				CLANG_WARN_CONSTANT_CONVERSION = YES;
				CLANG_WARN_DEPRECATED_OBJC_IMPLEMENTATIONS = YES;
				CLANG_WARN_DIRECT_OBJC_ISA_USAGE = YES_ERROR;
				CLANG_WARN_DOCUMENTATION_COMMENTS = YES;
				CLANG_WARN_EMPTY_BODY = YES;
				CLANG_WARN_ENUM_CONVERSION = YES;
				CLANG_WARN_INFINITE_RECURSION = YES;
				CLANG_WARN_INT_CONVERSION = YES;
				CLANG_WARN_NON_LITERAL_NULL_CONVERSION = YES;
				CLANG_WARN_OBJC_IMPLICIT_RETAIN_SELF = YES;
				CLANG_WARN_OBJC_LITERAL_CONVERSION = YES;
				CLANG_WARN_OBJC_ROOT_CLASS = YES_ERROR;
				CLANG_WARN_QUOTED_INCLUDE_IN_FRAMEWORK_HEADER = YES;
				CLANG_WARN_RANGE_LOOP_ANALYSIS = YES;
				CLANG_WARN_STRICT_PROTOTYPES = YES;
				CLANG_WARN_SUSPICIOUS_MOVE = YES;
				CLANG_WARN_UNGUARDED_AVAILABILITY = YES_AGGRESSIVE;
				CLANG_WARN_UNREACHABLE_CODE = YES;
				CLANG_WARN__DUPLICATE_METHOD_MATCH = YES;
				COPY_PHASE_STRIP = NO;
				DEBUG_INFORMATION_FORMAT = dwarf;
				ENABLE_STRICT_OBJC_MSGSEND = YES;
				ENABLE_TESTABILITY = YES;
				ENABLE_USER_SCRIPT_SANDBOXING = YES;
				GCC_C_LANGUAGE_STANDARD = gnu17;
				GCC_DYNAMIC_NO_PIC = NO;
				GCC_NO_COMMON_BLOCKS = YES;
				GCC_OPTIMIZATION_LEVEL = 0;
				GCC_PREPROCESSOR_DEFINITIONS = (
					"DEBUG=1",
					"$(inherited)",
				);
				GCC_WARN_64_TO_32_BIT_CONVERSION = YES;
				GCC_WARN_ABOUT_RETURN_TYPE = YES_ERROR;
				GCC_WARN_UNDECLARED_SELECTOR = YES;
				GCC_WARN_UNINITIALIZED_AUTOS = YES_AGGRESSIVE;
				GCC_WARN_UNUSED_FUNCTION = YES;
				GCC_WARN_UNUSED_VARIABLE = YES;
				IPHONEOS_DEPLOYMENT_TARGET = 17.5;
				LOCALIZATION_PREFERS_STRING_CATALOGS = YES;
				MTL_ENABLE_DEBUG_INFO = INCLUDE_SOURCE;
				MTL_FAST_MATH = YES;
				ONLY_ACTIVE_ARCH = YES;
				SDKROOT = iphoneos;
				SWIFT_ACTIVE_COMPILATION_CONDITIONS = "DEBUG $(inherited)";
				SWIFT_OPTIMIZATION_LEVEL = "-Onone";
			};
			name = Debug;
		};
		9570026B2C89EAC60067E000 /* Release */ = {
			isa = XCBuildConfiguration;
			buildSettings = {
				ALWAYS_SEARCH_USER_PATHS = NO;
				ASSETCATALOG_COMPILER_GENERATE_SWIFT_ASSET_SYMBOL_EXTENSIONS = YES;
				CLANG_ANALYZER_NONNULL = YES;
				CLANG_ANALYZER_NUMBER_OBJECT_CONVERSION = YES_AGGRESSIVE;
				CLANG_CXX_LANGUAGE_STANDARD = "gnu++20";
				CLANG_ENABLE_MODULES = YES;
				CLANG_ENABLE_OBJC_ARC = YES;
				CLANG_ENABLE_OBJC_WEAK = YES;
				CLANG_WARN_BLOCK_CAPTURE_AUTORELEASING = YES;
				CLANG_WARN_BOOL_CONVERSION = YES;
				CLANG_WARN_COMMA = YES;
				CLANG_WARN_CONSTANT_CONVERSION = YES;
				CLANG_WARN_DEPRECATED_OBJC_IMPLEMENTATIONS = YES;
				CLANG_WARN_DIRECT_OBJC_ISA_USAGE = YES_ERROR;
				CLANG_WARN_DOCUMENTATION_COMMENTS = YES;
				CLANG_WARN_EMPTY_BODY = YES;
				CLANG_WARN_ENUM_CONVERSION = YES;
				CLANG_WARN_INFINITE_RECURSION = YES;
				CLANG_WARN_INT_CONVERSION = YES;
				CLANG_WARN_NON_LITERAL_NULL_CONVERSION = YES;
				CLANG_WARN_OBJC_IMPLICIT_RETAIN_SELF = YES;
				CLANG_WARN_OBJC_LITERAL_CONVERSION = YES;
				CLANG_WARN_OBJC_ROOT_CLASS = YES_ERROR;
				CLANG_WARN_QUOTED_INCLUDE_IN_FRAMEWORK_HEADER = YES;
				CLANG_WARN_RANGE_LOOP_ANALYSIS = YES;
				CLANG_WARN_STRICT_PROTOTYPES = YES;
				CLANG_WARN_SUSPICIOUS_MOVE = YES;
				CLANG_WARN_UNGUARDED_AVAILABILITY = YES_AGGRESSIVE;
				CLANG_WARN_UNREACHABLE_CODE = YES;
				CLANG_WARN__DUPLICATE_METHOD_MATCH = YES;
				COPY_PHASE_STRIP = NO;
				DEBUG_INFORMATION_FORMAT = "dwarf-with-dsym";
				ENABLE_NS_ASSERTIONS = NO;
				ENABLE_STRICT_OBJC_MSGSEND = YES;
				ENABLE_USER_SCRIPT_SANDBOXING = YES;
				GCC_C_LANGUAGE_STANDARD = gnu17;
				GCC_NO_COMMON_BLOCKS = YES;
				GCC_WARN_64_TO_32_BIT_CONVERSION = YES;
				GCC_WARN_ABOUT_RETURN_TYPE = YES_ERROR;
				GCC_WARN_UNDECLARED_SELECTOR = YES;
				GCC_WARN_UNINITIALIZED_AUTOS = YES_AGGRESSIVE;
				GCC_WARN_UNUSED_FUNCTION = YES;
				GCC_WARN_UNUSED_VARIABLE = YES;
				IPHONEOS_DEPLOYMENT_TARGET = 17.5;
				LOCALIZATION_PREFERS_STRING_CATALOGS = YES;
				MTL_ENABLE_DEBUG_INFO = NO;
				MTL_FAST_MATH = YES;
				SDKROOT = iphoneos;
				SWIFT_COMPILATION_MODE = wholemodule;
				VALIDATE_PRODUCT = YES;
			};
			name = Release;
		};
		9570026D2C89EAC60067E000 /* Debug */ = {
			isa = XCBuildConfiguration;
			buildSettings = {
				ASSETCATALOG_COMPILER_APPICON_NAME = AppIcon;
				ASSETCATALOG_COMPILER_GLOBAL_ACCENT_COLOR_NAME = AccentColor;
				CODE_SIGN_STYLE = Automatic;
				CURRENT_PROJECT_VERSION = 1;
				DEVELOPMENT_ASSET_PATHS = "\"Places/Preview Content\"";
				DEVELOPMENT_TEAM = Q949CX7AMV;
				ENABLE_PREVIEWS = YES;
				GENERATE_INFOPLIST_FILE = YES;
				INFOPLIST_KEY_UIApplicationSceneManifest_Generation = YES;
				INFOPLIST_KEY_UIApplicationSupportsIndirectInputEvents = YES;
				INFOPLIST_KEY_UILaunchScreen_Generation = YES;
				INFOPLIST_KEY_UISupportedInterfaceOrientations_iPad = "UIInterfaceOrientationPortrait UIInterfaceOrientationPortraitUpsideDown UIInterfaceOrientationLandscapeLeft UIInterfaceOrientationLandscapeRight";
				INFOPLIST_KEY_UISupportedInterfaceOrientations_iPhone = "UIInterfaceOrientationPortrait UIInterfaceOrientationLandscapeLeft UIInterfaceOrientationLandscapeRight";
				LD_RUNPATH_SEARCH_PATHS = (
					"$(inherited)",
					"@executable_path/Frameworks",
				);
				MARKETING_VERSION = 1.0;
				PRODUCT_BUNDLE_IDENTIFIER = dennisvanoosten.Places;
				PRODUCT_NAME = "$(TARGET_NAME)";
				SWIFT_EMIT_LOC_STRINGS = YES;
				SWIFT_VERSION = 5.0;
				TARGETED_DEVICE_FAMILY = "1,2";
			};
			name = Debug;
		};
		9570026E2C89EAC60067E000 /* Release */ = {
			isa = XCBuildConfiguration;
			buildSettings = {
				ASSETCATALOG_COMPILER_APPICON_NAME = AppIcon;
				ASSETCATALOG_COMPILER_GLOBAL_ACCENT_COLOR_NAME = AccentColor;
				CODE_SIGN_STYLE = Automatic;
				CURRENT_PROJECT_VERSION = 1;
				DEVELOPMENT_ASSET_PATHS = "\"Places/Preview Content\"";
				DEVELOPMENT_TEAM = Q949CX7AMV;
				ENABLE_PREVIEWS = YES;
				GENERATE_INFOPLIST_FILE = YES;
				INFOPLIST_KEY_UIApplicationSceneManifest_Generation = YES;
				INFOPLIST_KEY_UIApplicationSupportsIndirectInputEvents = YES;
				INFOPLIST_KEY_UILaunchScreen_Generation = YES;
				INFOPLIST_KEY_UISupportedInterfaceOrientations_iPad = "UIInterfaceOrientationPortrait UIInterfaceOrientationPortraitUpsideDown UIInterfaceOrientationLandscapeLeft UIInterfaceOrientationLandscapeRight";
				INFOPLIST_KEY_UISupportedInterfaceOrientations_iPhone = "UIInterfaceOrientationPortrait UIInterfaceOrientationLandscapeLeft UIInterfaceOrientationLandscapeRight";
				LD_RUNPATH_SEARCH_PATHS = (
					"$(inherited)",
					"@executable_path/Frameworks",
				);
				MARKETING_VERSION = 1.0;
				PRODUCT_BUNDLE_IDENTIFIER = dennisvanoosten.Places;
				PRODUCT_NAME = "$(TARGET_NAME)";
				SWIFT_EMIT_LOC_STRINGS = YES;
				SWIFT_VERSION = 5.0;
				TARGETED_DEVICE_FAMILY = "1,2";
			};
			name = Release;
		};
		957002702C89EAC60067E000 /* Debug */ = {
			isa = XCBuildConfiguration;
			buildSettings = {
				ALWAYS_EMBED_SWIFT_STANDARD_LIBRARIES = YES;
				BUNDLE_LOADER = "$(TEST_HOST)";
				CODE_SIGN_STYLE = Automatic;
				CURRENT_PROJECT_VERSION = 1;
				DEVELOPMENT_TEAM = Q949CX7AMV;
				GENERATE_INFOPLIST_FILE = YES;
				IPHONEOS_DEPLOYMENT_TARGET = 17.5;
				MARKETING_VERSION = 1.0;
				PRODUCT_BUNDLE_IDENTIFIER = dennisvanoosten.PlacesTests;
				PRODUCT_NAME = "$(TARGET_NAME)";
				SWIFT_EMIT_LOC_STRINGS = NO;
				SWIFT_VERSION = 5.0;
				TARGETED_DEVICE_FAMILY = "1,2";
				TEST_HOST = "$(BUILT_PRODUCTS_DIR)/Places.app/$(BUNDLE_EXECUTABLE_FOLDER_PATH)/Places";
			};
			name = Debug;
		};
		957002712C89EAC60067E000 /* Release */ = {
			isa = XCBuildConfiguration;
			buildSettings = {
				ALWAYS_EMBED_SWIFT_STANDARD_LIBRARIES = YES;
				BUNDLE_LOADER = "$(TEST_HOST)";
				CODE_SIGN_STYLE = Automatic;
				CURRENT_PROJECT_VERSION = 1;
				DEVELOPMENT_TEAM = Q949CX7AMV;
				GENERATE_INFOPLIST_FILE = YES;
				IPHONEOS_DEPLOYMENT_TARGET = 17.5;
				MARKETING_VERSION = 1.0;
				PRODUCT_BUNDLE_IDENTIFIER = dennisvanoosten.PlacesTests;
				PRODUCT_NAME = "$(TARGET_NAME)";
				SWIFT_EMIT_LOC_STRINGS = NO;
				SWIFT_VERSION = 5.0;
				TARGETED_DEVICE_FAMILY = "1,2";
				TEST_HOST = "$(BUILT_PRODUCTS_DIR)/Places.app/$(BUNDLE_EXECUTABLE_FOLDER_PATH)/Places";
			};
			name = Release;
		};
/* End XCBuildConfiguration section */

/* Begin XCConfigurationList section */
		957002412C89EAC50067E000 /* Build configuration list for PBXProject "Places" */ = {
			isa = XCConfigurationList;
			buildConfigurations = (
				9570026A2C89EAC60067E000 /* Debug */,
				9570026B2C89EAC60067E000 /* Release */,
			);
			defaultConfigurationIsVisible = 0;
			defaultConfigurationName = Release;
		};
		9570026C2C89EAC60067E000 /* Build configuration list for PBXNativeTarget "Places" */ = {
			isa = XCConfigurationList;
			buildConfigurations = (
				9570026D2C89EAC60067E000 /* Debug */,
				9570026E2C89EAC60067E000 /* Release */,
			);
			defaultConfigurationIsVisible = 0;
			defaultConfigurationName = Release;
		};
		9570026F2C89EAC60067E000 /* Build configuration list for PBXNativeTarget "PlacesTests" */ = {
			isa = XCConfigurationList;
			buildConfigurations = (
				957002702C89EAC60067E000 /* Debug */,
				957002712C89EAC60067E000 /* Release */,
			);
			defaultConfigurationIsVisible = 0;
			defaultConfigurationName = Release;
		};
/* End XCConfigurationList section */
	};
	rootObject = 9570023E2C89EAC50067E000 /* Project object */;
}
